
Microsoft Visual Studio Solution File, Format Version 12.00
# Visual Studio Express 15 for Windows Desktop
VisualStudioVersion = 15.0.28307.438
MinimumVisualStudioVersion = 10.0.40219.1
Project("{FAE04EC0-301F-11D3-BF4B-00C04F79EFBC}") = "Training", "Training\Training.csproj", "{24E7EBDA-C8F5-4E93-8E4A-54535F8B9459}"
EndProject
Global
	GlobalSection(SolutionConfigurationPlatforms) = preSolution
		Debug|Any CPU = Debug|Any CPU
		Release|Any CPU = Release|Any CPU
	EndGlobalSection
	GlobalSection(ProjectConfigurationPlatforms) = postSolution
		{24E7EBDA-C8F5-4E93-8E4A-54535F8B9459}.Debug|Any CPU.ActiveCfg = Debug|Any CPU
		{24E7EBDA-C8F5-4E93-8E4A-54535F8B9459}.Debug|Any CPU.Build.0 = Debug|Any CPU
		{24E7EBDA-C8F5-4E93-8E4A-54535F8B9459}.Release|Any CPU.ActiveCfg = Release|Any CPU
		{24E7EBDA-C8F5-4E93-8E4A-54535F8B9459}.Release|Any CPU.Build.0 = Release|Any CPU
	EndGlobalSection
	GlobalSection(SolutionProperties) = preSolution
		HideSolutionNode = FALSE
	EndGlobalSection
	GlobalSection(ExtensibilityGlobals) = postSolution
		SolutionGuid = {D472C277-E9ED-4532-9D86-6AFE425493AE}
	EndGlobalSection
EndGlobal
